PODS:
  - BVLinearGradient (2.4.3):
    - React
  - React (0.57.5):
    - React/Core (= 0.57.5)
  - react-native-camera (1.4.1):
    - React
    - react-native-camera/RCT (= 1.4.1)
    - react-native-camera/RN (= 1.4.1)
  - react-native-camera/RCT (1.4.1):
    - React
  - react-native-camera/RN (1.4.1):
    - React
  - react-native-image-picker (0.27.1):
    - React
  - react-native-randombytes (3.5.1):
    - React
  - react-native-spinkit (1.0.2):
    - React
  - React/Core (0.57.5):
    - yoga (= 0.57.5.React)
  - React/fishhook (0.57.5)
  - React/RCTActionSheet (0.57.5):
    - React/Core
  - React/RCTAnimation (0.57.5):
    - React/Core
  - React/RCTBlob (0.57.5):
    - React/Core
  - React/RCTGeolocation (0.57.5):
    - React/Core
  - React/RCTImage (0.57.5):
    - React/Core
    - React/RCTNetwork
  - React/RCTLinkingIOS (0.57.5):
    - React/Core
  - React/RCTNetwork (0.57.5):
    - React/Core
  - React/RCTSettings (0.57.5):
    - React/Core
  - React/RCTText (0.57.5):
    - React/Core
  - React/RCTVibration (0.57.5):
    - React/Core
  - React/RCTWebSocket (0.57.5):
    - React/Core
    - React/fishhook
    - React/RCTBlob
  - rn-fetch-blob (0.10.6):
    - React/Core
  - RNFS (2.12.1):
    - React
  - RNSVG (8.0.8):
    - React
  - RNVectorIcons (6.0.2):
    - React
  - yoga (0.57.5.React)

DEPENDENCIES:
  - BVLinearGradient (from `../node_modules/react-native-linear-gradient`)
  - react-native-camera (from `../node_modules/react-native-camera`)
  - react-native-image-picker (from `../node_modules/react-native-image-picker`)
  - react-native-randombytes (from `../node_modules/react-native-randombytes`)
  - react-native-spinkit (from `../node_modules/react-native-spinkit`)
  - React/Core (from `../node_modules/react-native`)
  - React/RCTActionSheet (from `../node_modules/react-native`)
  - React/RCTAnimation (from `../node_modules/react-native`)
  - React/RCTGeolocation (from `../node_modules/react-native`)
  - React/RCTImage (from `../node_modules/react-native`)
  - React/RCTLinkingIOS (from `../node_modules/react-native`)
  - React/RCTNetwork (from `../node_modules/react-native`)
  - React/RCTSettings (from `../node_modules/react-native`)
  - React/RCTText (from `../node_modules/react-native`)
  - React/RCTVibration (from `../node_modules/react-native`)
  - React/RCTWebSocket (from `../node_modules/react-native`)
  - rn-fetch-blob (from `../node_modules/rn-fetch-blob`)
  - RNFS (from `../node_modules/react-native-fs`)
  - RNSVG (from `../node_modules/react-native-svg`)
  - RNVectorIcons (from `../node_modules/react-native-vector-icons`)
  - yoga (from `../node_modules/react-native/ReactCommon/yoga/yoga.podspec`)

EXTERNAL SOURCES:
  BVLinearGradient:
    :path: "../node_modules/react-native-linear-gradient"
  React:
    :path: "../node_modules/react-native"
  react-native-camera:
    :path: "../node_modules/react-native-camera"
  react-native-image-picker:
    :path: "../node_modules/react-native-image-picker"
  react-native-randombytes:
    :path: "../node_modules/react-native-randombytes"
  react-native-spinkit:
    :path: "../node_modules/react-native-spinkit"
  rn-fetch-blob:
    :path: "../node_modules/rn-fetch-blob"
  RNFS:
    :path: "../node_modules/react-native-fs"
  RNSVG:
    :path: "../node_modules/react-native-svg"
  RNVectorIcons:
    :path: "../node_modules/react-native-vector-icons"
  yoga:
    :path: "../node_modules/react-native/ReactCommon/yoga/yoga.podspec"

SPEC CHECKSUMS:
  BVLinearGradient: 6d8909e3fc6b089defa4b89d967441fa6827a2ee
  React: 1fe0eb13d90b625d94c3b117c274dcfd2e760e11
  react-native-camera: eac1e8cc7523273a2a11956d0e5dac08296cf4b0
  react-native-image-picker: f42de90075c5b1af53417af927631d909a1a746e
  react-native-randombytes: d3184d351604f78e019535178766590188bbc133
  react-native-spinkit: c9f5826e1a0bf0da889b3795278eb96ae15c1350
  rn-fetch-blob: 76a8f798dae965bbcd146a2438f2e1d381c91ae3
  RNFS: bbb1a64eb245763daf34aea86f97c97c4e85f74c
  RNSVG: 6252323c0312735f0af5f58b5adf2965b6a9ffbf
  RNVectorIcons: 8c52e1e8da1153613fdef44748e865c25556cb9c
  yoga: b1ce48b6cf950b98deae82838f5173ea7cf89e85

PODFILE CHECKSUM: a93affba4f477b5abd2b7f2b10bd079a283aafa8

COCOAPODS: 1.5.3
